
Microsoft Visual Studio Solution File, Format Version 12.00
# Visual Studio Version 17
VisualStudioVersion = 17.6.33829.357
MinimumVisualStudioVersion = 10.0.40219.1
Project("{9A19103F-16F7-4668-BE54-9A1E7A4F7556}") = "EgitimDokumanlari", "EgitimDokumanlari\EgitimDokumanlari.csproj", "{D4804942-98C5-4624-B47F-C49905779EC3}"
EndProject
Project("{9A19103F-16F7-4668-BE54-9A1E7A4F7556}") = "Interface_application", "Interface_application\Interface_application.csproj", "{45371C99-2890-4411-A19A-4047D2FCE921}"
EndProject
Project("{9A19103F-16F7-4668-BE54-9A1E7A4F7556}") = "AsenkronikMimari", "AsenkronikMimari\AsenkronikMimari.csproj", "{AAC7753C-0D28-43BC-99A1-84854B73CD96}"
EndProject
Project("{9A19103F-16F7-4668-BE54-9A1E7A4F7556}") = "ActionDelegeler", "ActionDelegeler\ActionDelegeler.csproj", "{5411D795-8530-4F84-8AB1-893545FCCC29}"
EndProject
Project("{2150E333-8FDC-42A3-9474-1A3956D46DE8}") = "NTierArchitecture", "NTierArchitecture", "{2574771D-FBC2-4EA5-B413-290E505E7AD2}"
EndProject
Project("{9A19103F-16F7-4668-BE54-9A1E7A4F7556}") = "ToDoApp.DataAccess", "ToDoApp.DataAccess\ToDoApp.DataAccess.csproj", "{0D3F2EF1-0E23-4DF8-9F39-BE52F7829991}"
EndProject
Project("{9A19103F-16F7-4668-BE54-9A1E7A4F7556}") = "ToDoApp.Entities", "ToDoApp.Entities\ToDoApp.Entities.csproj", "{4278DC30-0FE8-4F0B-8130-B73619B4A3F3}"
EndProject
Project("{9A19103F-16F7-4668-BE54-9A1E7A4F7556}") = "ToDoApp.Business", "ToDoApp.Business\ToDoApp.Business.csproj", "{2ABE8E01-4BBA-4297-B4E3-C690674C508C}"
EndProject
Project("{9A19103F-16F7-4668-BE54-9A1E7A4F7556}") = "ToDoApp.DTO", "ToDoApp.DTO\ToDoApp.DTO.csproj", "{E3CA84F8-F525-4A81-AB97-874EF1673E93}"
EndProject
Project("{2150E333-8FDC-42A3-9474-1A3956D46DE8}") = "Others", "Others", "{45460F19-803C-473F-AF14-4A198CF8C2CC}"
EndProject
Project("{9A19103F-16F7-4668-BE54-9A1E7A4F7556}") = "ToDoApp.UI", "ToDoApp.UI\ToDoApp.UI.csproj", "{E4644C8D-FFE3-4D8D-B424-603585CE5FB7}"
EndProject
Project("{2150E333-8FDC-42A3-9474-1A3956D46DE8}") = "CQRSApplication", "CQRSApplication", "{5C2B9A35-3031-4C07-BBE9-1D6B44868E5F}"
EndProject
Project("{FAE04EC0-301F-11D3-BF4B-00C04F79EFBC}") = "CQRS", "CQRS\CQRS.csproj", "{F15B5D13-A97B-4609-9896-358C64A966FA}"
EndProject
Global
	GlobalSection(SolutionConfigurationPlatforms) = preSolution
		Debug|Any CPU = Debug|Any CPU
		Release|Any CPU = Release|Any CPU
	EndGlobalSection
	GlobalSection(ProjectConfigurationPlatforms) = postSolution
		{D4804942-98C5-4624-B47F-C49905779EC3}.Debug|Any CPU.ActiveCfg = Debug|Any CPU
		{D4804942-98C5-4624-B47F-C49905779EC3}.Debug|Any CPU.Build.0 = Debug|Any CPU
		{D4804942-98C5-4624-B47F-C49905779EC3}.Release|Any CPU.ActiveCfg = Release|Any CPU
		{D4804942-98C5-4624-B47F-C49905779EC3}.Release|Any CPU.Build.0 = Release|Any CPU
		{45371C99-2890-4411-A19A-4047D2FCE921}.Debug|Any CPU.ActiveCfg = Debug|Any CPU
		{45371C99-2890-4411-A19A-4047D2FCE921}.Debug|Any CPU.Build.0 = Debug|Any CPU
		{45371C99-2890-4411-A19A-4047D2FCE921}.Release|Any CPU.ActiveCfg = Release|Any CPU
		{45371C99-2890-4411-A19A-4047D2FCE921}.Release|Any CPU.Build.0 = Release|Any CPU
		{AAC7753C-0D28-43BC-99A1-84854B73CD96}.Debug|Any CPU.ActiveCfg = Debug|Any CPU
		{AAC7753C-0D28-43BC-99A1-84854B73CD96}.Debug|Any CPU.Build.0 = Debug|Any CPU
		{AAC7753C-0D28-43BC-99A1-84854B73CD96}.Release|Any CPU.ActiveCfg = Release|Any CPU
		{AAC7753C-0D28-43BC-99A1-84854B73CD96}.Release|Any CPU.Build.0 = Release|Any CPU
		{5411D795-8530-4F84-8AB1-893545FCCC29}.Debug|Any CPU.ActiveCfg = Debug|Any CPU
		{5411D795-8530-4F84-8AB1-893545FCCC29}.Debug|Any CPU.Build.0 = Debug|Any CPU
		{5411D795-8530-4F84-8AB1-893545FCCC29}.Release|Any CPU.ActiveCfg = Release|Any CPU
		{5411D795-8530-4F84-8AB1-893545FCCC29}.Release|Any CPU.Build.0 = Release|Any CPU
		{0D3F2EF1-0E23-4DF8-9F39-BE52F7829991}.Debug|Any CPU.ActiveCfg = Debug|Any CPU
		{0D3F2EF1-0E23-4DF8-9F39-BE52F7829991}.Debug|Any CPU.Build.0 = Debug|Any CPU
		{0D3F2EF1-0E23-4DF8-9F39-BE52F7829991}.Release|Any CPU.ActiveCfg = Release|Any CPU
		{0D3F2EF1-0E23-4DF8-9F39-BE52F7829991}.Release|Any CPU.Build.0 = Release|Any CPU
		{4278DC30-0FE8-4F0B-8130-B73619B4A3F3}.Debug|Any CPU.ActiveCfg = Debug|Any CPU
		{4278DC30-0FE8-4F0B-8130-B73619B4A3F3}.Debug|Any CPU.Build.0 = Debug|Any CPU
		{4278DC30-0FE8-4F0B-8130-B73619B4A3F3}.Release|Any CPU.ActiveCfg = Release|Any CPU
		{4278DC30-0FE8-4F0B-8130-B73619B4A3F3}.Release|Any CPU.Build.0 = Release|Any CPU
		{2ABE8E01-4BBA-4297-B4E3-C690674C508C}.Debug|Any CPU.ActiveCfg = Debug|Any CPU
		{2ABE8E01-4BBA-4297-B4E3-C690674C508C}.Debug|Any CPU.Build.0 = Debug|Any CPU
		{2ABE8E01-4BBA-4297-B4E3-C690674C508C}.Release|Any CPU.ActiveCfg = Release|Any CPU
		{2ABE8E01-4BBA-4297-B4E3-C690674C508C}.Release|Any CPU.Build.0 = Release|Any CPU
		{E3CA84F8-F525-4A81-AB97-874EF1673E93}.Debug|Any CPU.ActiveCfg = Debug|Any CPU
		{E3CA84F8-F525-4A81-AB97-874EF1673E93}.Debug|Any CPU.Build.0 = Debug|Any CPU
		{E3CA84F8-F525-4A81-AB97-874EF1673E93}.Release|Any CPU.ActiveCfg = Release|Any CPU
		{E3CA84F8-F525-4A81-AB97-874EF1673E93}.Release|Any CPU.Build.0 = Release|Any CPU
		{E4644C8D-FFE3-4D8D-B424-603585CE5FB7}.Debug|Any CPU.ActiveCfg = Debug|Any CPU
		{E4644C8D-FFE3-4D8D-B424-603585CE5FB7}.Debug|Any CPU.Build.0 = Debug|Any CPU
		{E4644C8D-FFE3-4D8D-B424-603585CE5FB7}.Release|Any CPU.ActiveCfg = Release|Any CPU
		{E4644C8D-FFE3-4D8D-B424-603585CE5FB7}.Release|Any CPU.Build.0 = Release|Any CPU
		{F15B5D13-A97B-4609-9896-358C64A966FA}.Debug|Any CPU.ActiveCfg = Debug|Any CPU
		{F15B5D13-A97B-4609-9896-358C64A966FA}.Debug|Any CPU.Build.0 = Debug|Any CPU
		{F15B5D13-A97B-4609-9896-358C64A966FA}.Release|Any CPU.ActiveCfg = Release|Any CPU
		{F15B5D13-A97B-4609-9896-358C64A966FA}.Release|Any CPU.Build.0 = Release|Any CPU
	EndGlobalSection
	GlobalSection(SolutionProperties) = preSolution
		HideSolutionNode = FALSE
	EndGlobalSection
	GlobalSection(NestedProjects) = preSolution
		{D4804942-98C5-4624-B47F-C49905779EC3} = {45460F19-803C-473F-AF14-4A198CF8C2CC}
		{45371C99-2890-4411-A19A-4047D2FCE921} = {45460F19-803C-473F-AF14-4A198CF8C2CC}
		{AAC7753C-0D28-43BC-99A1-84854B73CD96} = {45460F19-803C-473F-AF14-4A198CF8C2CC}
		{5411D795-8530-4F84-8AB1-893545FCCC29} = {45460F19-803C-473F-AF14-4A198CF8C2CC}
		{0D3F2EF1-0E23-4DF8-9F39-BE52F7829991} = {2574771D-FBC2-4EA5-B413-290E505E7AD2}
		{4278DC30-0FE8-4F0B-8130-B73619B4A3F3} = {2574771D-FBC2-4EA5-B413-290E505E7AD2}
		{2ABE8E01-4BBA-4297-B4E3-C690674C508C} = {2574771D-FBC2-4EA5-B413-290E505E7AD2}
		{E3CA84F8-F525-4A81-AB97-874EF1673E93} = {2574771D-FBC2-4EA5-B413-290E505E7AD2}
		{E4644C8D-FFE3-4D8D-B424-603585CE5FB7} = {2574771D-FBC2-4EA5-B413-290E505E7AD2}
		{F15B5D13-A97B-4609-9896-358C64A966FA} = {5C2B9A35-3031-4C07-BBE9-1D6B44868E5F}
	EndGlobalSection
	GlobalSection(ExtensibilityGlobals) = postSolution
		SolutionGuid = {CD330F40-EC8E-46E8-BF68-B78BA09ED57D}
	EndGlobalSection
EndGlobal
